
Microsoft Visual Studio Solution File, Format Version 12.00
# Visual Studio Version 16
VisualStudioVersion = 16.0.30907.101
MinimumVisualStudioVersion = 10.0.40219.1
Project("{FAE04EC0-301F-11D3-BF4B-00C04F79EFBC}") = "Selenium_Test1", "Selenium_Test1\Selenium_Test1.csproj", "{E4B640FC-E75C-48D7-A986-5DED332E51EE}"
EndProject
Global
	GlobalSection(SolutionConfigurationPlatforms) = preSolution
		Debug|Any CPU = Debug|Any CPU
		Release|Any CPU = Release|Any CPU
	EndGlobalSection
	GlobalSection(ProjectConfigurationPlatforms) = postSolution
		{E4B640FC-E75C-48D7-A986-5DED332E51EE}.Debug|Any CPU.ActiveCfg = Debug|Any CPU
		{E4B640FC-E75C-48D7-A986-5DED332E51EE}.Debug|Any CPU.Build.0 = Debug|Any CPU
		{E4B640FC-E75C-48D7-A986-5DED332E51EE}.Release|Any CPU.ActiveCfg = Release|Any CPU
		{E4B640FC-E75C-48D7-A986-5DED332E51EE}.Release|Any CPU.Build.0 = Release|Any CPU
	EndGlobalSection
	GlobalSection(SolutionProperties) = preSolution
		HideSolutionNode = FALSE
	EndGlobalSection
	GlobalSection(ExtensibilityGlobals) = postSolution
		SolutionGuid = {17594237-47EB-44D7-90F1-4EC5B0C0D188}
	EndGlobalSection
EndGlobal
